
Microsoft Visual Studio Solution File, Format Version 12.00
# Visual Studio Version 17
VisualStudioVersion = 17.3.32922.545
MinimumVisualStudioVersion = 10.0.40219.1
Project("{9A19103F-16F7-4668-BE54-9A1E7A4F7556}") = "wcheck", "wcheck.csproj", "{1B8F3A99-1D7C-470D-984A-FDEA02DFD3EF}"
EndProject
Project("{9A19103F-16F7-4668-BE54-9A1E7A4F7556}") = "tview.scapproc.shellv1", "..\tview.scapproc.shellv1\tview.scapproc.shellv1.csproj", "{3B8F9EB9-8BEA-4723-90D4-3B012EDFA242}"
EndProject
Project("{9A19103F-16F7-4668-BE54-9A1E7A4F7556}") = "infosystems.task.shellv1", "..\infosystems.task.shellv1\infosystems.task.shellv1.csproj", "{BEB3EBD8-9EAA-4441-A8A2-5AA5C8605576}"
EndProject
Project("{9A19103F-16F7-4668-BE54-9A1E7A4F7556}") = "tview.nmap.shellv1", "..\tview.nmap.shellv1\tview.nmap.shellv1.csproj", "{EAED759E-C5A5-4710-93D3-F0A1D25CD997}"
EndProject
Global
	GlobalSection(SolutionConfigurationPlatforms) = preSolution
		Debug|Any CPU = Debug|Any CPU
		Release|Any CPU = Release|Any CPU
	EndGlobalSection
	GlobalSection(ProjectConfigurationPlatforms) = postSolution
		{1B8F3A99-1D7C-470D-984A-FDEA02DFD3EF}.Debug|Any CPU.ActiveCfg = Debug|Any CPU
		{1B8F3A99-1D7C-470D-984A-FDEA02DFD3EF}.Debug|Any CPU.Build.0 = Debug|Any CPU
		{1B8F3A99-1D7C-470D-984A-FDEA02DFD3EF}.Release|Any CPU.ActiveCfg = Release|Any CPU
		{1B8F3A99-1D7C-470D-984A-FDEA02DFD3EF}.Release|Any CPU.Build.0 = Release|Any CPU
		{3B8F9EB9-8BEA-4723-90D4-3B012EDFA242}.Debug|Any CPU.ActiveCfg = Debug|Any CPU
		{3B8F9EB9-8BEA-4723-90D4-3B012EDFA242}.Debug|Any CPU.Build.0 = Debug|Any CPU
		{3B8F9EB9-8BEA-4723-90D4-3B012EDFA242}.Release|Any CPU.ActiveCfg = Release|Any CPU
		{3B8F9EB9-8BEA-4723-90D4-3B012EDFA242}.Release|Any CPU.Build.0 = Release|Any CPU
		{BEB3EBD8-9EAA-4441-A8A2-5AA5C8605576}.Debug|Any CPU.ActiveCfg = Debug|Any CPU
		{BEB3EBD8-9EAA-4441-A8A2-5AA5C8605576}.Debug|Any CPU.Build.0 = Debug|Any CPU
		{BEB3EBD8-9EAA-4441-A8A2-5AA5C8605576}.Release|Any CPU.ActiveCfg = Release|Any CPU
		{BEB3EBD8-9EAA-4441-A8A2-5AA5C8605576}.Release|Any CPU.Build.0 = Release|Any CPU
		{EAED759E-C5A5-4710-93D3-F0A1D25CD997}.Debug|Any CPU.ActiveCfg = Debug|Any CPU
		{EAED759E-C5A5-4710-93D3-F0A1D25CD997}.Debug|Any CPU.Build.0 = Debug|Any CPU
		{EAED759E-C5A5-4710-93D3-F0A1D25CD997}.Release|Any CPU.ActiveCfg = Release|Any CPU
		{EAED759E-C5A5-4710-93D3-F0A1D25CD997}.Release|Any CPU.Build.0 = Release|Any CPU
	EndGlobalSection
	GlobalSection(SolutionProperties) = preSolution
		HideSolutionNode = FALSE
	EndGlobalSection
	GlobalSection(ExtensibilityGlobals) = postSolution
		SolutionGuid = {EF36AF75-FAF1-4427-9C93-B5B929095682}
	EndGlobalSection
EndGlobal
